
Microsoft Visual Studio Solution File, Format Version 12.00
# Visual Studio 15
VisualStudioVersion = 15.0.28307.1082
MinimumVisualStudioVersion = 10.0.40219.1
Project("{8BC9CEB8-8B4A-11D0-8D11-00A0C91BC942}") = "coronajam", "coronajam\coronajam.vcxproj", "{7C20D494-4F82-482C-8739-E528CB0D700F}"
EndProject
Global
	GlobalSection(SolutionConfigurationPlatforms) = preSolution
		Debug|x64 = Debug|x64
		Debug|x86 = Debug|x86
		Release|x64 = Release|x64
		Release|x86 = Release|x86
	EndGlobalSection
	GlobalSection(ProjectConfigurationPlatforms) = postSolution
		{7C20D494-4F82-482C-8739-E528CB0D700F}.Debug|x64.ActiveCfg = Debug|x64
		{7C20D494-4F82-482C-8739-E528CB0D700F}.Debug|x64.Build.0 = Debug|x64
		{7C20D494-4F82-482C-8739-E528CB0D700F}.Debug|x86.ActiveCfg = Debug|Win32
		{7C20D494-4F82-482C-8739-E528CB0D700F}.Debug|x86.Build.0 = Debug|Win32
		{7C20D494-4F82-482C-8739-E528CB0D700F}.Release|x64.ActiveCfg = Release|x64
		{7C20D494-4F82-482C-8739-E528CB0D700F}.Release|x64.Build.0 = Release|x64
		{7C20D494-4F82-482C-8739-E528CB0D700F}.Release|x86.ActiveCfg = Release|Win32
		{7C20D494-4F82-482C-8739-E528CB0D700F}.Release|x86.Build.0 = Release|Win32
	EndGlobalSection
	GlobalSection(SolutionProperties) = preSolution
		HideSolutionNode = FALSE
	EndGlobalSection
	GlobalSection(ExtensibilityGlobals) = postSolution
		SolutionGuid = {ACF5DFD8-7C3B-4313-99FA-701E2358B084}
	EndGlobalSection
EndGlobal
